PODS:
  - RFKeyboard (0.3.0):
    - RFKit/Runtime (>= 1.7)
  - RFKit/Foundation (2.4.0)
  - RFKit/Runtime (2.4.0):
    - RFKit/Foundation

DEPENDENCIES:
  - RFKeyboard (from `.`)

SPEC REPOS:
  trunk:
    - RFKit

EXTERNAL SOURCES:
  RFKeyboard:
    :path: "."

SPEC CHECKSUMS:
  RFKeyboard: 673a594ea5d27bb597e1501858b29007f5daeff5
  RFKit: b85177e1321171cfb342810880555a06fe12fbbe

PODFILE CHECKSUM: 8e0f8de8c85579351f34b6398c45fa653fa88f40

COCOAPODS: 1.9.3
